{
    "_readme": [
        "This file locks the dependencies of your project to a known state",
        "Read more about it at http://getcomposer.org/doc/01-basic-usage.md#composer-lock-the-lock-file",
        "This file is @generated automatically"
    ],
    "hash": "39371ab7e59feb119e06c2af39e89f27",
    "packages": [
        {
            "name": "zetacomponents/base",
            "version": "dev-master",
            "source": {
                "type": "git",
                "url": "https://github.com/zetacomponents/Base.git",
                "reference": "091e2580b66ad9c9d4fcea980257b6c2fbfbcf68"
            },
            "dist": {
                "type": "zip",
                "url": "https://api.github.com/repos/zetacomponents/Base/zipball/091e2580b66ad9c9d4fcea980257b6c2fbfbcf68",
                "reference": "091e2580b66ad9c9d4fcea980257b6c2fbfbcf68",
                "shasum": ""
            },
            "require-dev": {
                "zetacomponents/unit-test": "*"
            },
            "type": "library",
            "autoload": {
                "classmap": [
                    "src"
                ]
            },
            "notification-url": "https://packagist.org/downloads/",
            "license": [
                "Apache-2.0"
            ],
            "authors": [
                {
                    "name": "Sergey Alexeev"
                },
                {
                    "name": "Sebastian Bergmann"
                },
                {
                    "name": "Jan Borsodi"
                },
                {
                    "name": "Raymond Bosman"
                },
                {
                    "name": "Frederik Holljen"
                },
                {
                    "name": "Kore Nordmann"
                },
                {
                    "name": "Derick Rethans"
                },
                {
                    "name": "Vadym Savchuk"
                },
                {
                    "name": "Tobias Schlitt"
                },
                {
                    "name": "Alexandru Stanoi"
                }
            ],
            "description": "The Base package provides the basic infrastructure that all packages rely on. Therefore every component relies on this package.",
            "homepage": "https://github.com/zetacomponents",
            "time": "2014-07-09 10:44:34"
        }
    ],
    "packages-dev": [
        {
            "name": "zetacomponents/unit-test",
            "version": "dev-master",
            "source": {
                "type": "git",
                "url": "https://github.com/zetacomponents/UnitTest.git",
                "reference": "f60b1c72a2843d462720ba82934e6b3ceb013fd7"
            },
            "dist": {
                "type": "zip",
                "url": "https://api.github.com/repos/zetacomponents/UnitTest/zipball/f60b1c72a2843d462720ba82934e6b3ceb013fd7",
                "reference": "f60b1c72a2843d462720ba82934e6b3ceb013fd7",
                "shasum": ""
            },
            "type": "library",
            "autoload": {
                "classmap": [
                    "src"
                ]
            },
            "notification-url": "https://packagist.org/downloads/",
            "license": [
                "apache2"
            ],
            "authors": [
                {
                    "name": "Sergey Alexeev"
                },
                {
                    "name": "Sebastian Bergmann"
                },
                {
                    "name": "Jan Borsodi"
                },
                {
                    "name": "Raymond Bosman"
                },
                {
                    "name": "Frederik Holljen"
                },
                {
                    "name": "Kore Nordmann"
                },
                {
                    "name": "Derick Rethans"
                },
                {
                    "name": "Vadym Savchuk"
                },
                {
                    "name": "Tobias Schlitt"
                },
                {
                    "name": "Alexandru Stanoi"
                }
            ],
            "description": "zetacomponents/unit-test Component",
            "homepage": "https://github.com/zetacomponents",
            "time": "2013-12-21 11:12:59"
        }
    ],
    "aliases": [],
    "minimum-stability": "dev",
    "stability-flags": [],
    "prefer-stable": false,
    "platform": [],
    "platform-dev": []
}
